
Microsoft Visual Studio Solution File, Format Version 12.00
# Visual Studio Version 17
VisualStudioVersion = 17.4.33122.133
MinimumVisualStudioVersion = 10.0.40219.1
Project("{FAE04EC0-301F-11D3-BF4B-00C04F79EFBC}") = "Tests", "Tests\Tests.csproj", "{79BB9465-4146-4117-9A0C-8A142F279726}"
EndProject
Project("{FAE04EC0-301F-11D3-BF4B-00C04F79EFBC}") = "Project", "Project\Project.csproj", "{2DE9928C-3FAF-4B67-94B7-3F381B558F4A}"
EndProject
Global
	GlobalSection(SolutionConfigurationPlatforms) = preSolution
		Debug|Any CPU = Debug|Any CPU
		Release|Any CPU = Release|Any CPU
	EndGlobalSection
	GlobalSection(ProjectConfigurationPlatforms) = postSolution
		{79BB9465-4146-4117-9A0C-8A142F279726}.Debug|Any CPU.ActiveCfg = Debug|Any CPU
		{79BB9465-4146-4117-9A0C-8A142F279726}.Debug|Any CPU.Build.0 = Debug|Any CPU
		{79BB9465-4146-4117-9A0C-8A142F279726}.Release|Any CPU.ActiveCfg = Release|Any CPU
		{79BB9465-4146-4117-9A0C-8A142F279726}.Release|Any CPU.Build.0 = Release|Any CPU
		{2DE9928C-3FAF-4B67-94B7-3F381B558F4A}.Debug|Any CPU.ActiveCfg = Debug|Any CPU
		{2DE9928C-3FAF-4B67-94B7-3F381B558F4A}.Debug|Any CPU.Build.0 = Debug|Any CPU
		{2DE9928C-3FAF-4B67-94B7-3F381B558F4A}.Release|Any CPU.ActiveCfg = Release|Any CPU
		{2DE9928C-3FAF-4B67-94B7-3F381B558F4A}.Release|Any CPU.Build.0 = Release|Any CPU
	EndGlobalSection
	GlobalSection(SolutionProperties) = preSolution
		HideSolutionNode = FALSE
	EndGlobalSection
	GlobalSection(ExtensibilityGlobals) = postSolution
		SolutionGuid = {A5010C53-8BA8-4470-9AC3-0BA39A1414A5}
	EndGlobalSection
EndGlobal
